
Microsoft Visual Studio Solution File, Format Version 12.00
# Visual Studio 15
VisualStudioVersion = 15.0.28307.1000
MinimumVisualStudioVersion = 10.0.40219.1
Project("{FAE04EC0-301F-11D3-BF4B-00C04F79EFBC}") = "Crud", "Crud\Crud.csproj", "{197D1491-23D0-4BA0-A12B-40471D170A3A}"
EndProject
Project("{2150E333-8FDC-42A3-9474-1A3956D46DE8}") = "CRUD_MVC", "CRUD_MVC", "{6FC10A39-E92F-455E-95D7-BC33B1046D2D}"
EndProject
Project("{2150E333-8FDC-42A3-9474-1A3956D46DE8}") = "Project.DAL", "Project.DAL", "{D091811F-D034-4F4D-9C8E-7A17CF725435}"
EndProject
Project("{FAE04EC0-301F-11D3-BF4B-00C04F79EFBC}") = "Project.DAL", "Project.DAL\Project.DAL.csproj", "{94B9BC35-7B99-4639-9385-0015E6100350}"
EndProject
Project("{2150E333-8FDC-42A3-9474-1A3956D46DE8}") = "Product.Common", "Product.Common", "{5C5055FB-C4EC-4D9F-9289-2FB68E265D12}"
EndProject
Project("{FAE04EC0-301F-11D3-BF4B-00C04F79EFBC}") = "Product.Common", "Product.Common\Product.Common.csproj", "{15020958-F7ED-41DE-9CA5-FBAE03D53104}"
EndProject
Project("{2150E333-8FDC-42A3-9474-1A3956D46DE8}") = "Product.Model", "Product.Model", "{58163242-6439-414F-9950-1CE0B3C7F3C3}"
EndProject
Project("{2150E333-8FDC-42A3-9474-1A3956D46DE8}") = "Product.Model.Common", "Product.Model.Common", "{AF602C90-C024-4F0E-AF33-A34D37D85556}"
EndProject
Project("{FAE04EC0-301F-11D3-BF4B-00C04F79EFBC}") = "Product.Model", "Product.Model\Product.Model.csproj", "{00106825-6CF9-4EC3-B833-514513798A56}"
EndProject
Project("{FAE04EC0-301F-11D3-BF4B-00C04F79EFBC}") = "Product.Model.Common", "Product.Model.Common\Product.Model.Common.csproj", "{12C510AB-E74F-481A-B4E1-4426989193DC}"
EndProject
Global
	GlobalSection(SolutionConfigurationPlatforms) = preSolution
		Debug|Any CPU = Debug|Any CPU
		Release|Any CPU = Release|Any CPU
	EndGlobalSection
	GlobalSection(ProjectConfigurationPlatforms) = postSolution
		{197D1491-23D0-4BA0-A12B-40471D170A3A}.Debug|Any CPU.ActiveCfg = Debug|Any CPU
		{197D1491-23D0-4BA0-A12B-40471D170A3A}.Debug|Any CPU.Build.0 = Debug|Any CPU
		{197D1491-23D0-4BA0-A12B-40471D170A3A}.Release|Any CPU.ActiveCfg = Release|Any CPU
		{197D1491-23D0-4BA0-A12B-40471D170A3A}.Release|Any CPU.Build.0 = Release|Any CPU
		{94B9BC35-7B99-4639-9385-0015E6100350}.Debug|Any CPU.ActiveCfg = Debug|Any CPU
		{94B9BC35-7B99-4639-9385-0015E6100350}.Debug|Any CPU.Build.0 = Debug|Any CPU
		{94B9BC35-7B99-4639-9385-0015E6100350}.Release|Any CPU.ActiveCfg = Release|Any CPU
		{94B9BC35-7B99-4639-9385-0015E6100350}.Release|Any CPU.Build.0 = Release|Any CPU
		{15020958-F7ED-41DE-9CA5-FBAE03D53104}.Debug|Any CPU.ActiveCfg = Debug|Any CPU
		{15020958-F7ED-41DE-9CA5-FBAE03D53104}.Debug|Any CPU.Build.0 = Debug|Any CPU
		{15020958-F7ED-41DE-9CA5-FBAE03D53104}.Release|Any CPU.ActiveCfg = Release|Any CPU
		{15020958-F7ED-41DE-9CA5-FBAE03D53104}.Release|Any CPU.Build.0 = Release|Any CPU
		{00106825-6CF9-4EC3-B833-514513798A56}.Debug|Any CPU.ActiveCfg = Debug|Any CPU
		{00106825-6CF9-4EC3-B833-514513798A56}.Debug|Any CPU.Build.0 = Debug|Any CPU
		{00106825-6CF9-4EC3-B833-514513798A56}.Release|Any CPU.ActiveCfg = Release|Any CPU
		{00106825-6CF9-4EC3-B833-514513798A56}.Release|Any CPU.Build.0 = Release|Any CPU
		{12C510AB-E74F-481A-B4E1-4426989193DC}.Debug|Any CPU.ActiveCfg = Debug|Any CPU
		{12C510AB-E74F-481A-B4E1-4426989193DC}.Debug|Any CPU.Build.0 = Debug|Any CPU
		{12C510AB-E74F-481A-B4E1-4426989193DC}.Release|Any CPU.ActiveCfg = Release|Any CPU
		{12C510AB-E74F-481A-B4E1-4426989193DC}.Release|Any CPU.Build.0 = Release|Any CPU
	EndGlobalSection
	GlobalSection(SolutionProperties) = preSolution
		HideSolutionNode = FALSE
	EndGlobalSection
	GlobalSection(NestedProjects) = preSolution
		{197D1491-23D0-4BA0-A12B-40471D170A3A} = {6FC10A39-E92F-455E-95D7-BC33B1046D2D}
		{94B9BC35-7B99-4639-9385-0015E6100350} = {D091811F-D034-4F4D-9C8E-7A17CF725435}
		{15020958-F7ED-41DE-9CA5-FBAE03D53104} = {5C5055FB-C4EC-4D9F-9289-2FB68E265D12}
		{00106825-6CF9-4EC3-B833-514513798A56} = {58163242-6439-414F-9950-1CE0B3C7F3C3}
		{12C510AB-E74F-481A-B4E1-4426989193DC} = {AF602C90-C024-4F0E-AF33-A34D37D85556}
	EndGlobalSection
	GlobalSection(ExtensibilityGlobals) = postSolution
		SolutionGuid = {5AFCF6D3-805E-4886-BD9E-71C0CC588154}
	EndGlobalSection
EndGlobal
