
Microsoft Visual Studio Solution File, Format Version 12.00
# Visual Studio 15
VisualStudioVersion = 15.0.28307.1000
MinimumVisualStudioVersion = 10.0.40219.1
Project("{2150E333-8FDC-42A3-9474-1A3956D46DE8}") = "Project.Common", "Project.Common", "{5C5055FB-C4EC-4D9F-9289-2FB68E265D12}"
EndProject
Project("{FAE04EC0-301F-11D3-BF4B-00C04F79EFBC}") = "Project.Common", "Product.Common\Project.Common.csproj", "{15020958-F7ED-41DE-9CA5-FBAE03D53104}"
EndProject
Project("{2150E333-8FDC-42A3-9474-1A3956D46DE8}") = "Project.Model", "Project.Model", "{58163242-6439-414F-9950-1CE0B3C7F3C3}"
EndProject
Project("{2150E333-8FDC-42A3-9474-1A3956D46DE8}") = "Project.Model.Common", "Project.Model.Common", "{AF602C90-C024-4F0E-AF33-A34D37D85556}"
EndProject
Project("{FAE04EC0-301F-11D3-BF4B-00C04F79EFBC}") = "Project.Model", "Product.Model\Project.Model.csproj", "{00106825-6CF9-4EC3-B833-514513798A56}"
EndProject
Project("{FAE04EC0-301F-11D3-BF4B-00C04F79EFBC}") = "Project.Model.Common", "Product.Model.Common\Project.Model.Common.csproj", "{12C510AB-E74F-481A-B4E1-4426989193DC}"
EndProject
Project("{2150E333-8FDC-42A3-9474-1A3956D46DE8}") = "Project.Repository", "Project.Repository", "{8BE99B05-7CF7-4207-9DA5-637B7A9A779A}"
EndProject
Project("{2150E333-8FDC-42A3-9474-1A3956D46DE8}") = "Project.Repository.Common", "Project.Repository.Common", "{E5CE8918-2C77-4527-AD46-E3283F4F50A2}"
EndProject
Project("{FAE04EC0-301F-11D3-BF4B-00C04F79EFBC}") = "Project.Repository", "Project.Repository\Project.Repository.csproj", "{E681BDA3-3DF2-407C-8DD1-E593775D386B}"
EndProject
Project("{FAE04EC0-301F-11D3-BF4B-00C04F79EFBC}") = "Project.Repository.Common", "Product.Repository.Common\Project.Repository.Common.csproj", "{6C1FF9C6-3B1F-4747-A6EF-38D480E7A675}"
EndProject
Project("{2150E333-8FDC-42A3-9474-1A3956D46DE8}") = "Project.Service", "Project.Service", "{18F1B5A3-8A7A-4566-86B4-7614AC32BC75}"
EndProject
Project("{2150E333-8FDC-42A3-9474-1A3956D46DE8}") = "Project.Service.Common", "Project.Service.Common", "{3278F0FC-5B02-40C7-AB0E-1A3DC604818E}"
EndProject
Project("{FAE04EC0-301F-11D3-BF4B-00C04F79EFBC}") = "Project.Service", "Project.Service\Project.Service.csproj", "{18EA6936-BE74-457D-B7FD-B017F184E050}"
EndProject
Project("{FAE04EC0-301F-11D3-BF4B-00C04F79EFBC}") = "Project.Service.Common", "Project.Service.Common\Project.Service.Common.csproj", "{9A086379-DA55-4AD0-BA68-A6F262C69FE4}"
EndProject
Project("{2150E333-8FDC-42A3-9474-1A3956D46DE8}") = "Project.WebAPI", "Project.WebAPI", "{4F0FA44F-7CD7-4A1F-98EE-03CCBB67189D}"
EndProject
Project("{FAE04EC0-301F-11D3-BF4B-00C04F79EFBC}") = "MVC", "MVC\MVC.csproj", "{F7C7C218-9D08-4CC1-B4C0-6B4514B54EF9}"
EndProject
Project("{2150E333-8FDC-42A3-9474-1A3956D46DE8}") = "Project.DAL", "Project.DAL", "{9B34CD90-1EE5-4259-8018-DBA0E3D250A9}"
EndProject
Project("{FAE04EC0-301F-11D3-BF4B-00C04F79EFBC}") = "Project.DAL", "Project.DAL\Project.DAL.csproj", "{F379EC39-F230-41DD-A5D8-78A3FA90DE8D}"
EndProject
Global
	GlobalSection(SolutionConfigurationPlatforms) = preSolution
		Debug|Any CPU = Debug|Any CPU
		Release|Any CPU = Release|Any CPU
	EndGlobalSection
	GlobalSection(ProjectConfigurationPlatforms) = postSolution
		{15020958-F7ED-41DE-9CA5-FBAE03D53104}.Debug|Any CPU.ActiveCfg = Debug|Any CPU
		{15020958-F7ED-41DE-9CA5-FBAE03D53104}.Debug|Any CPU.Build.0 = Debug|Any CPU
		{15020958-F7ED-41DE-9CA5-FBAE03D53104}.Release|Any CPU.ActiveCfg = Release|Any CPU
		{15020958-F7ED-41DE-9CA5-FBAE03D53104}.Release|Any CPU.Build.0 = Release|Any CPU
		{00106825-6CF9-4EC3-B833-514513798A56}.Debug|Any CPU.ActiveCfg = Debug|Any CPU
		{00106825-6CF9-4EC3-B833-514513798A56}.Debug|Any CPU.Build.0 = Debug|Any CPU
		{00106825-6CF9-4EC3-B833-514513798A56}.Release|Any CPU.ActiveCfg = Release|Any CPU
		{00106825-6CF9-4EC3-B833-514513798A56}.Release|Any CPU.Build.0 = Release|Any CPU
		{12C510AB-E74F-481A-B4E1-4426989193DC}.Debug|Any CPU.ActiveCfg = Debug|Any CPU
		{12C510AB-E74F-481A-B4E1-4426989193DC}.Debug|Any CPU.Build.0 = Debug|Any CPU
		{12C510AB-E74F-481A-B4E1-4426989193DC}.Release|Any CPU.ActiveCfg = Release|Any CPU
		{12C510AB-E74F-481A-B4E1-4426989193DC}.Release|Any CPU.Build.0 = Release|Any CPU
		{E681BDA3-3DF2-407C-8DD1-E593775D386B}.Debug|Any CPU.ActiveCfg = Debug|Any CPU
		{E681BDA3-3DF2-407C-8DD1-E593775D386B}.Debug|Any CPU.Build.0 = Debug|Any CPU
		{E681BDA3-3DF2-407C-8DD1-E593775D386B}.Release|Any CPU.ActiveCfg = Release|Any CPU
		{E681BDA3-3DF2-407C-8DD1-E593775D386B}.Release|Any CPU.Build.0 = Release|Any CPU
		{6C1FF9C6-3B1F-4747-A6EF-38D480E7A675}.Debug|Any CPU.ActiveCfg = Debug|Any CPU
		{6C1FF9C6-3B1F-4747-A6EF-38D480E7A675}.Debug|Any CPU.Build.0 = Debug|Any CPU
		{6C1FF9C6-3B1F-4747-A6EF-38D480E7A675}.Release|Any CPU.ActiveCfg = Release|Any CPU
		{6C1FF9C6-3B1F-4747-A6EF-38D480E7A675}.Release|Any CPU.Build.0 = Release|Any CPU
		{18EA6936-BE74-457D-B7FD-B017F184E050}.Debug|Any CPU.ActiveCfg = Debug|Any CPU
		{18EA6936-BE74-457D-B7FD-B017F184E050}.Debug|Any CPU.Build.0 = Debug|Any CPU
		{18EA6936-BE74-457D-B7FD-B017F184E050}.Release|Any CPU.ActiveCfg = Release|Any CPU
		{18EA6936-BE74-457D-B7FD-B017F184E050}.Release|Any CPU.Build.0 = Release|Any CPU
		{9A086379-DA55-4AD0-BA68-A6F262C69FE4}.Debug|Any CPU.ActiveCfg = Debug|Any CPU
		{9A086379-DA55-4AD0-BA68-A6F262C69FE4}.Debug|Any CPU.Build.0 = Debug|Any CPU
		{9A086379-DA55-4AD0-BA68-A6F262C69FE4}.Release|Any CPU.ActiveCfg = Release|Any CPU
		{9A086379-DA55-4AD0-BA68-A6F262C69FE4}.Release|Any CPU.Build.0 = Release|Any CPU
		{F7C7C218-9D08-4CC1-B4C0-6B4514B54EF9}.Debug|Any CPU.ActiveCfg = Debug|Any CPU
		{F7C7C218-9D08-4CC1-B4C0-6B4514B54EF9}.Debug|Any CPU.Build.0 = Debug|Any CPU
		{F7C7C218-9D08-4CC1-B4C0-6B4514B54EF9}.Release|Any CPU.ActiveCfg = Release|Any CPU
		{F7C7C218-9D08-4CC1-B4C0-6B4514B54EF9}.Release|Any CPU.Build.0 = Release|Any CPU
		{F379EC39-F230-41DD-A5D8-78A3FA90DE8D}.Debug|Any CPU.ActiveCfg = Debug|Any CPU
		{F379EC39-F230-41DD-A5D8-78A3FA90DE8D}.Debug|Any CPU.Build.0 = Debug|Any CPU
		{F379EC39-F230-41DD-A5D8-78A3FA90DE8D}.Release|Any CPU.ActiveCfg = Release|Any CPU
		{F379EC39-F230-41DD-A5D8-78A3FA90DE8D}.Release|Any CPU.Build.0 = Release|Any CPU
	EndGlobalSection
	GlobalSection(SolutionProperties) = preSolution
		HideSolutionNode = FALSE
	EndGlobalSection
	GlobalSection(NestedProjects) = preSolution
		{15020958-F7ED-41DE-9CA5-FBAE03D53104} = {5C5055FB-C4EC-4D9F-9289-2FB68E265D12}
		{00106825-6CF9-4EC3-B833-514513798A56} = {58163242-6439-414F-9950-1CE0B3C7F3C3}
		{12C510AB-E74F-481A-B4E1-4426989193DC} = {AF602C90-C024-4F0E-AF33-A34D37D85556}
		{E681BDA3-3DF2-407C-8DD1-E593775D386B} = {8BE99B05-7CF7-4207-9DA5-637B7A9A779A}
		{6C1FF9C6-3B1F-4747-A6EF-38D480E7A675} = {E5CE8918-2C77-4527-AD46-E3283F4F50A2}
		{18EA6936-BE74-457D-B7FD-B017F184E050} = {18F1B5A3-8A7A-4566-86B4-7614AC32BC75}
		{9A086379-DA55-4AD0-BA68-A6F262C69FE4} = {3278F0FC-5B02-40C7-AB0E-1A3DC604818E}
		{F7C7C218-9D08-4CC1-B4C0-6B4514B54EF9} = {4F0FA44F-7CD7-4A1F-98EE-03CCBB67189D}
		{F379EC39-F230-41DD-A5D8-78A3FA90DE8D} = {9B34CD90-1EE5-4259-8018-DBA0E3D250A9}
	EndGlobalSection
	GlobalSection(ExtensibilityGlobals) = postSolution
		SolutionGuid = {5AFCF6D3-805E-4886-BD9E-71C0CC588154}
	EndGlobalSection
EndGlobal
